
Microsoft Visual Studio Solution File, Format Version 12.00
# Visual Studio Version 16
VisualStudioVersion = 16.0.29920.165
MinimumVisualStudioVersion = 10.0.40219.1
Project("{FAE04EC0-301F-11D3-BF4B-00C04F79EFBC}") = "StacksAndQueues", "StacksAndQueues\StacksAndQueues.csproj", "{FEE7AF89-38D8-40C1-8039-54E98313B0F9}"
EndProject
Global
	GlobalSection(SolutionConfigurationPlatforms) = preSolution
		Debug|Any CPU = Debug|Any CPU
		Release|Any CPU = Release|Any CPU
	EndGlobalSection
	GlobalSection(ProjectConfigurationPlatforms) = postSolution
		{FEE7AF89-38D8-40C1-8039-54E98313B0F9}.Debug|Any CPU.ActiveCfg = Debug|Any CPU
		{FEE7AF89-38D8-40C1-8039-54E98313B0F9}.Debug|Any CPU.Build.0 = Debug|Any CPU
		{FEE7AF89-38D8-40C1-8039-54E98313B0F9}.Release|Any CPU.ActiveCfg = Release|Any CPU
		{FEE7AF89-38D8-40C1-8039-54E98313B0F9}.Release|Any CPU.Build.0 = Release|Any CPU
	EndGlobalSection
	GlobalSection(SolutionProperties) = preSolution
		HideSolutionNode = FALSE
	EndGlobalSection
	GlobalSection(ExtensibilityGlobals) = postSolution
		SolutionGuid = {09974133-2228-403F-9DB5-88D7CD989443}
	EndGlobalSection
EndGlobal
